
Microsoft Visual Studio Solution File, Format Version 12.00
# Visual Studio 2012
Project("{FAE04EC0-301F-11D3-BF4B-00C04F79EFBC}") = "FamiliasRaisersEdgeInterfaceTrans", "FamiliasRaisersEdgeInterfaceTrans\FamiliasRaisersEdgeInterfaceTrans.csproj", "{81BABF49-1A4F-4F88-9581-48415924C771}"
EndProject
Project("{FAE04EC0-301F-11D3-BF4B-00C04F79EFBC}") = "FamiliasraisersEdgeEntities", "FamiliasraisersEdgeEntities\FamiliasraisersEdgeEntities.csproj", "{01087104-E00F-4612-835E-53C0C61DC8E6}"
EndProject
Global
	GlobalSection(SolutionConfigurationPlatforms) = preSolution
		Debug|Any CPU = Debug|Any CPU
		Release|Any CPU = Release|Any CPU
	EndGlobalSection
	GlobalSection(ProjectConfigurationPlatforms) = postSolution
		{81BABF49-1A4F-4F88-9581-48415924C771}.Debug|Any CPU.ActiveCfg = Debug|Any CPU
		{81BABF49-1A4F-4F88-9581-48415924C771}.Debug|Any CPU.Build.0 = Debug|Any CPU
		{81BABF49-1A4F-4F88-9581-48415924C771}.Release|Any CPU.ActiveCfg = Release|Any CPU
		{81BABF49-1A4F-4F88-9581-48415924C771}.Release|Any CPU.Build.0 = Release|Any CPU
		{01087104-E00F-4612-835E-53C0C61DC8E6}.Debug|Any CPU.ActiveCfg = Debug|Any CPU
		{01087104-E00F-4612-835E-53C0C61DC8E6}.Debug|Any CPU.Build.0 = Debug|Any CPU
		{01087104-E00F-4612-835E-53C0C61DC8E6}.Release|Any CPU.ActiveCfg = Release|Any CPU
		{01087104-E00F-4612-835E-53C0C61DC8E6}.Release|Any CPU.Build.0 = Release|Any CPU
	EndGlobalSection
	GlobalSection(SolutionProperties) = preSolution
		HideSolutionNode = FALSE
	EndGlobalSection
EndGlobal
